
Microsoft Visual Studio Solution File, Format Version 12.00
# Visual Studio Version 17
VisualStudioVersion = 17.4.33213.308
MinimumVisualStudioVersion = 10.0.40219.1
Project("{FAE04EC0-301F-11D3-BF4B-00C04F79EFBC}") = "Renomeador_de_Oficios", "Renomeador_de_Oficios.csproj", "{9C80F79F-A57F-443B-B71F-A2793322D0D3}"
EndProject
Global
	GlobalSection(SolutionConfigurationPlatforms) = preSolution
		Debug|Any CPU = Debug|Any CPU
		Release|Any CPU = Release|Any CPU
	EndGlobalSection
	GlobalSection(ProjectConfigurationPlatforms) = postSolution
		{9C80F79F-A57F-443B-B71F-A2793322D0D3}.Debug|Any CPU.ActiveCfg = Debug|Any CPU
		{9C80F79F-A57F-443B-B71F-A2793322D0D3}.Debug|Any CPU.Build.0 = Debug|Any CPU
		{9C80F79F-A57F-443B-B71F-A2793322D0D3}.Release|Any CPU.ActiveCfg = Release|Any CPU
		{9C80F79F-A57F-443B-B71F-A2793322D0D3}.Release|Any CPU.Build.0 = Release|Any CPU
	EndGlobalSection
	GlobalSection(SolutionProperties) = preSolution
		HideSolutionNode = FALSE
	EndGlobalSection
	GlobalSection(ExtensibilityGlobals) = postSolution
		SolutionGuid = {49A66352-8AA6-4076-8C40-5C35524D0CDD}
	EndGlobalSection
EndGlobal
